
Microsoft Visual Studio Solution File, Format Version 12.00
# Visual Studio Version 17
VisualStudioVersion = 17.1.32421.90
MinimumVisualStudioVersion = 10.0.40219.1
Project("{FAE04EC0-301F-11D3-BF4B-00C04F79EFBC}") = "Snake", "Snake\Snake.csproj", "{EA996A61-5E26-416E-ACD1-2AA31979B9EF}"
EndProject
Global
	GlobalSection(SolutionConfigurationPlatforms) = preSolution
		Debug|Any CPU = Debug|Any CPU
		Release|Any CPU = Release|Any CPU
	EndGlobalSection
	GlobalSection(ProjectConfigurationPlatforms) = postSolution
		{EA996A61-5E26-416E-ACD1-2AA31979B9EF}.Debug|Any CPU.ActiveCfg = Debug|Any CPU
		{EA996A61-5E26-416E-ACD1-2AA31979B9EF}.Debug|Any CPU.Build.0 = Debug|Any CPU
		{EA996A61-5E26-416E-ACD1-2AA31979B9EF}.Release|Any CPU.ActiveCfg = Release|Any CPU
		{EA996A61-5E26-416E-ACD1-2AA31979B9EF}.Release|Any CPU.Build.0 = Release|Any CPU
	EndGlobalSection
	GlobalSection(SolutionProperties) = preSolution
		HideSolutionNode = FALSE
	EndGlobalSection
	GlobalSection(ExtensibilityGlobals) = postSolution
		SolutionGuid = {6CD6F61D-2B5D-4396-B316-9EBEA33C0F1D}
	EndGlobalSection
EndGlobal
